
Microsoft Visual Studio Solution File, Format Version 12.00
# Visual Studio Version 16
VisualStudioVersion = 16.0.31205.134
MinimumVisualStudioVersion = 10.0.40219.1
Project("{8BC9CEB8-8B4A-11D0-8D11-00A0C91BC942}") = "Doom", "Doom\Doom.vcxproj", "{425B1506-93F4-4AB5-9BA6-60F2B625EAFD}"
EndProject
Global
	GlobalSection(SolutionConfigurationPlatforms) = preSolution
		Debug|x64 = Debug|x64
		Release|x64 = Release|x64
	EndGlobalSection
	GlobalSection(ProjectConfigurationPlatforms) = postSolution
		{425B1506-93F4-4AB5-9BA6-60F2B625EAFD}.Debug|x64.ActiveCfg = Debug|x64
		{425B1506-93F4-4AB5-9BA6-60F2B625EAFD}.Debug|x64.Build.0 = Debug|x64
		{425B1506-93F4-4AB5-9BA6-60F2B625EAFD}.Release|x64.ActiveCfg = Release|x64
		{425B1506-93F4-4AB5-9BA6-60F2B625EAFD}.Release|x64.Build.0 = Release|x64
	EndGlobalSection
	GlobalSection(SolutionProperties) = preSolution
		HideSolutionNode = FALSE
	EndGlobalSection
	GlobalSection(ExtensibilityGlobals) = postSolution
		SolutionGuid = {871B7340-CBB7-40B6-A485-96F32A15755C}
	EndGlobalSection
EndGlobal
